
Microsoft Visual Studio Solution File, Format Version 12.00
# Visual Studio Version 16
VisualStudioVersion = 25.0.1704.0
MinimumVisualStudioVersion = 10.0.40219.1
Project("{FAE04EC0-301F-11D3-BF4B-00C04F79EFBC}") = "WP", "WP\WP.csproj", "{8330D629-07A2-4653-B596-94394DA21FC6}"
EndProject
Project("{FAE04EC0-301F-11D3-BF4B-00C04F79EFBC}") = "WebProject", "..\..\Documents\WebProjeX\WebProject\WebProject\WebProject.csproj", "{A3F6BCDD-0881-489A-84EA-0AE14D2C12AB}"
EndProject
Project("{FAE04EC0-301F-11D3-BF4B-00C04F79EFBC}") = "BackUp", "BackUp\BackUp.csproj", "{C75B35A9-E4A0-4123-B7A6-E42F217D1BE6}"
EndProject
Global
	GlobalSection(SolutionConfigurationPlatforms) = preSolution
		Debug|Any CPU = Debug|Any CPU
		Release|Any CPU = Release|Any CPU
	EndGlobalSection
	GlobalSection(ProjectConfigurationPlatforms) = postSolution
		{8330D629-07A2-4653-B596-94394DA21FC6}.Debug|Any CPU.ActiveCfg = Debug|Any CPU
		{8330D629-07A2-4653-B596-94394DA21FC6}.Debug|Any CPU.Build.0 = Debug|Any CPU
		{8330D629-07A2-4653-B596-94394DA21FC6}.Release|Any CPU.ActiveCfg = Release|Any CPU
		{8330D629-07A2-4653-B596-94394DA21FC6}.Release|Any CPU.Build.0 = Release|Any CPU
		{A3F6BCDD-0881-489A-84EA-0AE14D2C12AB}.Debug|Any CPU.ActiveCfg = Debug|Any CPU
		{A3F6BCDD-0881-489A-84EA-0AE14D2C12AB}.Debug|Any CPU.Build.0 = Debug|Any CPU
		{A3F6BCDD-0881-489A-84EA-0AE14D2C12AB}.Release|Any CPU.ActiveCfg = Release|Any CPU
		{A3F6BCDD-0881-489A-84EA-0AE14D2C12AB}.Release|Any CPU.Build.0 = Release|Any CPU
		{C75B35A9-E4A0-4123-B7A6-E42F217D1BE6}.Debug|Any CPU.ActiveCfg = Debug|Any CPU
		{C75B35A9-E4A0-4123-B7A6-E42F217D1BE6}.Debug|Any CPU.Build.0 = Debug|Any CPU
		{C75B35A9-E4A0-4123-B7A6-E42F217D1BE6}.Release|Any CPU.ActiveCfg = Release|Any CPU
		{C75B35A9-E4A0-4123-B7A6-E42F217D1BE6}.Release|Any CPU.Build.0 = Release|Any CPU
	EndGlobalSection
	GlobalSection(SolutionProperties) = preSolution
		HideSolutionNode = FALSE
	EndGlobalSection
	GlobalSection(ExtensibilityGlobals) = postSolution
		SolutionGuid = {EC44F699-C768-4A47-9371-1CF358524824}
	EndGlobalSection
EndGlobal
